
Microsoft Visual Studio Solution File, Format Version 12.00
# Visual Studio Version 17
VisualStudioVersion = 17.14.36518.9 d17.14
MinimumVisualStudioVersion = 10.0.40219.1
Project("{FAE04EC0-301F-11D3-BF4B-00C04F79EFBC}") = "Pharma", "Pharma\Pharma.csproj", "{0E90FF51-D9AB-465A-A669-2C155BF71339}"
EndProject
Global
	GlobalSection(SolutionConfigurationPlatforms) = preSolution
		Debug|Any CPU = Debug|Any CPU
		Release|Any CPU = Release|Any CPU
	EndGlobalSection
	GlobalSection(ProjectConfigurationPlatforms) = postSolution
		{0E90FF51-D9AB-465A-A669-2C155BF71339}.Debug|Any CPU.ActiveCfg = Debug|Any CPU
		{0E90FF51-D9AB-465A-A669-2C155BF71339}.Debug|Any CPU.Build.0 = Debug|Any CPU
		{0E90FF51-D9AB-465A-A669-2C155BF71339}.Release|Any CPU.ActiveCfg = Release|Any CPU
		{0E90FF51-D9AB-465A-A669-2C155BF71339}.Release|Any CPU.Build.0 = Release|Any CPU
	EndGlobalSection
	GlobalSection(SolutionProperties) = preSolution
		HideSolutionNode = FALSE
	EndGlobalSection
	GlobalSection(ExtensibilityGlobals) = postSolution
		SolutionGuid = {76D1A53A-E36E-404E-8E8E-924F547688A1}
	EndGlobalSection
EndGlobal
